// !$*UTF8*$!
{
	archiveVersion = 1;
	classes = {
	};
	objectVersion = 50;
	objects = {

/* Begin PBXBuildFile section */
		1C2FDF8126D447A100CD2EAE /* ActivityLevel.swift in Sources */ = {isa = PBXBuildFile; fileRef = 1C2FDF8026D447A100CD2EAE /* ActivityLevel.swift */; };
		1C7C6EF026D29B4E001BF9D0 /* Macro.swift in Sources */ = {isa = PBXBuildFile; fileRef = 1C7C6EEF26D29B4E001BF9D0 /* Macro.swift */; };
		1C7C6EF226D29D24001BF9D0 /* User.swift in Sources */ = {isa = PBXBuildFile; fileRef = 1C7C6EF126D29D24001BF9D0 /* User.swift */; };
		1CBA8C7326D19D41000A0BD5 /* AppDelegate.swift in Sources */ = {isa = PBXBuildFile; fileRef = 1CBA8C7226D19D41000A0BD5 /* AppDelegate.swift */; };
		1CBA8C7526D19D41000A0BD5 /* SceneDelegate.swift in Sources */ = {isa = PBXBuildFile; fileRef = 1CBA8C7426D19D41000A0BD5 /* SceneDelegate.swift */; };
		1CBA8C7726D19D41000A0BD5 /* InitialViewController.swift in Sources */ = {isa = PBXBuildFile; fileRef = 1CBA8C7626D19D41000A0BD5 /* InitialViewController.swift */; };
		1CBA8C7A26D19D41000A0BD5 /* Main.storyboard in Resources */ = {isa = PBXBuildFile; fileRef = 1CBA8C7826D19D41000A0BD5 /* Main.storyboard */; };
		1CBA8C7C26D19D43000A0BD5 /* Assets.xcassets in Resources */ = {isa = PBXBuildFile; fileRef = 1CBA8C7B26D19D43000A0BD5 /* Assets.xcassets */; };
		1CBA8C7F26D19D43000A0BD5 /* LaunchScreen.storyboard in Resources */ = {isa = PBXBuildFile; fileRef = 1CBA8C7D26D19D43000A0BD5 /* LaunchScreen.storyboard */; };
		1CBA8C8A26D19D43000A0BD5 /* getShappedTests.swift in Sources */ = {isa = PBXBuildFile; fileRef = 1CBA8C8926D19D43000A0BD5 /* getShappedTests.swift */; };
		1CBA8C9526D19D43000A0BD5 /* getShappedUITests.swift in Sources */ = {isa = PBXBuildFile; fileRef = 1CBA8C9426D19D43000A0BD5 /* getShappedUITests.swift */; };
		1CBA8CA726D1AF4C000A0BD5 /* NewUserViewController.swift in Sources */ = {isa = PBXBuildFile; fileRef = 1CBA8CA626D1AF4C000A0BD5 /* NewUserViewController.swift */; };
		1CBA8CAA26D1E5B7000A0BD5 /* UIView+Extensions.swift in Sources */ = {isa = PBXBuildFile; fileRef = 1CBA8CA926D1E5B7000A0BD5 /* UIView+Extensions.swift */; };
		1CBA8CAC26D1F94D000A0BD5 /* GoalsViewController.swift in Sources */ = {isa = PBXBuildFile; fileRef = 1CBA8CAB26D1F94D000A0BD5 /* GoalsViewController.swift */; };
/* End PBXBuildFile section */

/* Begin PBXContainerItemProxy section */
		1CBA8C8626D19D43000A0BD5 /* PBXContainerItemProxy */ = {
			isa = PBXContainerItemProxy;
			containerPortal = 1CBA8C6726D19D41000A0BD5 /* Project object */;
			proxyType = 1;
			remoteGlobalIDString = 1CBA8C6E26D19D41000A0BD5;
			remoteInfo = getShapped;
		};
		1CBA8C9126D19D43000A0BD5 /* PBXContainerItemProxy */ = {
			isa = PBXContainerItemProxy;
			containerPortal = 1CBA8C6726D19D41000A0BD5 /* Project object */;
			proxyType = 1;
			remoteGlobalIDString = 1CBA8C6E26D19D41000A0BD5;
			remoteInfo = getShapped;
		};
/* End PBXContainerItemProxy section */

/* Begin PBXFileReference section */
		1C2FDF8026D447A100CD2EAE /* ActivityLevel.swift */ = {isa = PBXFileReference; lastKnownFileType = sourcecode.swift; path = ActivityLevel.swift; sourceTree = "<group>"; };
		1C7C6EEF26D29B4E001BF9D0 /* Macro.swift */ = {isa = PBXFileReference; lastKnownFileType = sourcecode.swift; path = Macro.swift; sourceTree = "<group>"; };
		1C7C6EF126D29D24001BF9D0 /* User.swift */ = {isa = PBXFileReference; lastKnownFileType = sourcecode.swift; path = User.swift; sourceTree = "<group>"; };
		1CBA8C6F26D19D41000A0BD5 /* getShapped.app */ = {isa = PBXFileReference; explicitFileType = wrapper.application; includeInIndex = 0; path = getShapped.app; sourceTree = BUILT_PRODUCTS_DIR; };
		1CBA8C7226D19D41000A0BD5 /* AppDelegate.swift */ = {isa = PBXFileReference; lastKnownFileType = sourcecode.swift; path = AppDelegate.swift; sourceTree = "<group>"; };
		1CBA8C7426D19D41000A0BD5 /* SceneDelegate.swift */ = {isa = PBXFileReference; lastKnownFileType = sourcecode.swift; path = SceneDelegate.swift; sourceTree = "<group>"; };
		1CBA8C7626D19D41000A0BD5 /* InitialViewController.swift */ = {isa = PBXFileReference; lastKnownFileType = sourcecode.swift; path = InitialViewController.swift; sourceTree = "<group>"; };
		1CBA8C7926D19D41000A0BD5 /* Base */ = {isa = PBXFileReference; lastKnownFileType = file.storyboard; name = Base; path = Base.lproj/Main.storyboard; sourceTree = "<group>"; };
		1CBA8C7B26D19D43000A0BD5 /* Assets.xcassets */ = {isa = PBXFileReference; lastKnownFileType = folder.assetcatalog; path = Assets.xcassets; sourceTree = "<group>"; };
		1CBA8C7E26D19D43000A0BD5 /* Base */ = {isa = PBXFileReference; lastKnownFileType = file.storyboard; name = Base; path = Base.lproj/LaunchScreen.storyboard; sourceTree = "<group>"; };
		1CBA8C8026D19D43000A0BD5 /* Info.plist */ = {isa = PBXFileReference; lastKnownFileType = text.plist.xml; path = Info.plist; sourceTree = "<group>"; };
		1CBA8C8526D19D43000A0BD5 /* getShappedTests.xctest */ = {isa = PBXFileReference; explicitFileType = wrapper.cfbundle; includeInIndex = 0; path = getShappedTests.xctest; sourceTree = BUILT_PRODUCTS_DIR; };
		1CBA8C8926D19D43000A0BD5 /* getShappedTests.swift */ = {isa = PBXFileReference; lastKnownFileType = sourcecode.swift; path = getShappedTests.swift; sourceTree = "<group>"; };
		1CBA8C8B26D19D43000A0BD5 /* Info.plist */ = {isa = PBXFileReference; lastKnownFileType = text.plist.xml; path = Info.plist; sourceTree = "<group>"; };
		1CBA8C9026D19D43000A0BD5 /* getShappedUITests.xctest */ = {isa = PBXFileReference; explicitFileType = wrapper.cfbundle; includeInIndex = 0; path = getShappedUITests.xctest; sourceTree = BUILT_PRODUCTS_DIR; };
		1CBA8C9426D19D43000A0BD5 /* getShappedUITests.swift */ = {isa = PBXFileReference; lastKnownFileType = sourcecode.swift; path = getShappedUITests.swift; sourceTree = "<group>"; };
		1CBA8C9626D19D43000A0BD5 /* Info.plist */ = {isa = PBXFileReference; lastKnownFileType = text.plist.xml; path = Info.plist; sourceTree = "<group>"; };
		1CBA8CA626D1AF4C000A0BD5 /* NewUserViewController.swift */ = {isa = PBXFileReference; lastKnownFileType = sourcecode.swift; path = NewUserViewController.swift; sourceTree = "<group>"; };
		1CBA8CA926D1E5B7000A0BD5 /* UIView+Extensions.swift */ = {isa = PBXFileReference; lastKnownFileType = sourcecode.swift; path = "UIView+Extensions.swift"; sourceTree = "<group>"; };
		1CBA8CAB26D1F94D000A0BD5 /* GoalsViewController.swift */ = {isa = PBXFileReference; lastKnownFileType = sourcecode.swift; path = GoalsViewController.swift; sourceTree = "<group>"; };
/* End PBXFileReference section */

/* Begin PBXFrameworksBuildPhase section */
		1CBA8C6C26D19D41000A0BD5 /* Frameworks */ = {
			isa = PBXFrameworksBuildPhase;
			buildActionMask = 2147483647;
			files = (
			);
			runOnlyForDeploymentPostprocessing = 0;
		};
		1CBA8C8226D19D43000A0BD5 /* Frameworks */ = {
			isa = PBXFrameworksBuildPhase;
			buildActionMask = 2147483647;
			files = (
			);
			runOnlyForDeploymentPostprocessing = 0;
		};
		1CBA8C8D26D19D43000A0BD5 /* Frameworks */ = {
			isa = PBXFrameworksBuildPhase;
			buildActionMask = 2147483647;
			files = (
			);
			runOnlyForDeploymentPostprocessing = 0;
		};
/* End PBXFrameworksBuildPhase section */

/* Begin PBXGroup section */
		1C7C6EEE26D29B46001BF9D0 /* Model */ = {
			isa = PBXGroup;
			children = (
				1C7C6EEF26D29B4E001BF9D0 /* Macro.swift */,
				1C7C6EF126D29D24001BF9D0 /* User.swift */,
				1C2FDF8026D447A100CD2EAE /* ActivityLevel.swift */,
			);
			path = Model;
			sourceTree = "<group>";
		};
		1CBA8C6626D19D41000A0BD5 = {
			isa = PBXGroup;
			children = (
				1CBA8C7126D19D41000A0BD5 /* getShapped */,
				1CBA8C8826D19D43000A0BD5 /* getShappedTests */,
				1CBA8C9326D19D43000A0BD5 /* getShappedUITests */,
				1CBA8C7026D19D41000A0BD5 /* Products */,
			);
			sourceTree = "<group>";
		};
		1CBA8C7026D19D41000A0BD5 /* Products */ = {
			isa = PBXGroup;
			children = (
				1CBA8C6F26D19D41000A0BD5 /* getShapped.app */,
				1CBA8C8526D19D43000A0BD5 /* getShappedTests.xctest */,
				1CBA8C9026D19D43000A0BD5 /* getShappedUITests.xctest */,
			);
			name = Products;
			sourceTree = "<group>";
		};
		1CBA8C7126D19D41000A0BD5 /* getShapped */ = {
			isa = PBXGroup;
			children = (
				1C7C6EEE26D29B46001BF9D0 /* Model */,
				1CBA8CA226D1A081000A0BD5 /* App */,
				1CBA8CA326D1A09C000A0BD5 /* Controller */,
				1CBA8CA826D1E59B000A0BD5 /* Extensions */,
				1CBA8CA526D1A0C4000A0BD5 /* Resources */,
				1CBA8CA426D1A0A3000A0BD5 /* Storyboard */,
			);
			path = getShapped;
			sourceTree = "<group>";
		};
		1CBA8C8826D19D43000A0BD5 /* getShappedTests */ = {
			isa = PBXGroup;
			children = (
				1CBA8C8926D19D43000A0BD5 /* getShappedTests.swift */,
				1CBA8C8B26D19D43000A0BD5 /* Info.plist */,
			);
			path = getShappedTests;
			sourceTree = "<group>";
		};
		1CBA8C9326D19D43000A0BD5 /* getShappedUITests */ = {
			isa = PBXGroup;
			children = (
				1CBA8C9426D19D43000A0BD5 /* getShappedUITests.swift */,
				1CBA8C9626D19D43000A0BD5 /* Info.plist */,
			);
			path = getShappedUITests;
			sourceTree = "<group>";
		};
		1CBA8CA226D1A081000A0BD5 /* App */ = {
			isa = PBXGroup;
			children = (
				1CBA8C7226D19D41000A0BD5 /* AppDelegate.swift */,
				1CBA8C7426D19D41000A0BD5 /* SceneDelegate.swift */,
				1CBA8C8026D19D43000A0BD5 /* Info.plist */,
			);
			path = App;
			sourceTree = "<group>";
		};
		1CBA8CA326D1A09C000A0BD5 /* Controller */ = {
			isa = PBXGroup;
			children = (
				1CBA8C7626D19D41000A0BD5 /* InitialViewController.swift */,
				1CBA8CA626D1AF4C000A0BD5 /* NewUserViewController.swift */,
				1CBA8CAB26D1F94D000A0BD5 /* GoalsViewController.swift */,
			);
			path = Controller;
			sourceTree = "<group>";
		};
		1CBA8CA426D1A0A3000A0BD5 /* Storyboard */ = {
			isa = PBXGroup;
			children = (
				1CBA8C7826D19D41000A0BD5 /* Main.storyboard */,
				1CBA8C7D26D19D43000A0BD5 /* LaunchScreen.storyboard */,
			);
			path = Storyboard;
			sourceTree = "<group>";
		};
		1CBA8CA526D1A0C4000A0BD5 /* Resources */ = {
			isa = PBXGroup;
			children = (
				1CBA8C7B26D19D43000A0BD5 /* Assets.xcassets */,
			);
			path = Resources;
			sourceTree = "<group>";
		};
		1CBA8CA826D1E59B000A0BD5 /* Extensions */ = {
			isa = PBXGroup;
			children = (
				1CBA8CA926D1E5B7000A0BD5 /* UIView+Extensions.swift */,
			);
			path = Extensions;
			sourceTree = "<group>";
		};
/* End PBXGroup section */

/* Begin PBXNativeTarget section */
		1CBA8C6E26D19D41000A0BD5 /* getShapped */ = {
			isa = PBXNativeTarget;
			buildConfigurationList = 1CBA8C9926D19D43000A0BD5 /* Build configuration list for PBXNativeTarget "getShapped" */;
			buildPhases = (
				1CBA8C6B26D19D41000A0BD5 /* Sources */,
				1CBA8C6C26D19D41000A0BD5 /* Frameworks */,
				1CBA8C6D26D19D41000A0BD5 /* Resources */,
			);
			buildRules = (
			);
			dependencies = (
			);
			name = getShapped;
			productName = getShapped;
			productReference = 1CBA8C6F26D19D41000A0BD5 /* getShapped.app */;
			productType = "com.apple.product-type.application";
		};
		1CBA8C8426D19D43000A0BD5 /* getShappedTests */ = {
			isa = PBXNativeTarget;
			buildConfigurationList = 1CBA8C9C26D19D43000A0BD5 /* Build configuration list for PBXNativeTarget "getShappedTests" */;
			buildPhases = (
				1CBA8C8126D19D43000A0BD5 /* Sources */,
				1CBA8C8226D19D43000A0BD5 /* Frameworks */,
				1CBA8C8326D19D43000A0BD5 /* Resources */,
			);
			buildRules = (
			);
			dependencies = (
				1CBA8C8726D19D43000A0BD5 /* PBXTargetDependency */,
			);
			name = getShappedTests;
			productName = getShappedTests;
			productReference = 1CBA8C8526D19D43000A0BD5 /* getShappedTests.xctest */;
			productType = "com.apple.product-type.bundle.unit-test";
		};
		1CBA8C8F26D19D43000A0BD5 /* getShappedUITests */ = {
			isa = PBXNativeTarget;
			buildConfigurationList = 1CBA8C9F26D19D43000A0BD5 /* Build configuration list for PBXNativeTarget "getShappedUITests" */;
			buildPhases = (
				1CBA8C8C26D19D43000A0BD5 /* Sources */,
				1CBA8C8D26D19D43000A0BD5 /* Frameworks */,
				1CBA8C8E26D19D43000A0BD5 /* Resources */,
			);
			buildRules = (
			);
			dependencies = (
				1CBA8C9226D19D43000A0BD5 /* PBXTargetDependency */,
			);
			name = getShappedUITests;
			productName = getShappedUITests;
			productReference = 1CBA8C9026D19D43000A0BD5 /* getShappedUITests.xctest */;
			productType = "com.apple.product-type.bundle.ui-testing";
		};
/* End PBXNativeTarget section */

/* Begin PBXProject section */
		1CBA8C6726D19D41000A0BD5 /* Project object */ = {
			isa = PBXProject;
			attributes = {
				LastSwiftUpdateCheck = 1250;
				LastUpgradeCheck = 1250;
				TargetAttributes = {
					1CBA8C6E26D19D41000A0BD5 = {
						CreatedOnToolsVersion = 12.5.1;
					};
					1CBA8C8426D19D43000A0BD5 = {
						CreatedOnToolsVersion = 12.5.1;
						TestTargetID = 1CBA8C6E26D19D41000A0BD5;
					};
					1CBA8C8F26D19D43000A0BD5 = {
						CreatedOnToolsVersion = 12.5.1;
						TestTargetID = 1CBA8C6E26D19D41000A0BD5;
					};
				};
			};
			buildConfigurationList = 1CBA8C6A26D19D41000A0BD5 /* Build configuration list for PBXProject "getShapped" */;
			compatibilityVersion = "Xcode 9.3";
			developmentRegion = en;
			hasScannedForEncodings = 0;
			knownRegions = (
				en,
				Base,
			);
			mainGroup = 1CBA8C6626D19D41000A0BD5;
			productRefGroup = 1CBA8C7026D19D41000A0BD5 /* Products */;
			projectDirPath = "";
			projectRoot = "";
			targets = (
				1CBA8C6E26D19D41000A0BD5 /* getShapped */,
				1CBA8C8426D19D43000A0BD5 /* getShappedTests */,
				1CBA8C8F26D19D43000A0BD5 /* getShappedUITests */,
			);
		};
/* End PBXProject section */

/* Begin PBXResourcesBuildPhase section */
		1CBA8C6D26D19D41000A0BD5 /* Resources */ = {
			isa = PBXResourcesBuildPhase;
			buildActionMask = 2147483647;
			files = (
				1CBA8C7F26D19D43000A0BD5 /* LaunchScreen.storyboard in Resources */,
				1CBA8C7C26D19D43000A0BD5 /* Assets.xcassets in Resources */,
				1CBA8C7A26D19D41000A0BD5 /* Main.storyboard in Resources */,
			);
			runOnlyForDeploymentPostprocessing = 0;
		};
		1CBA8C8326D19D43000A0BD5 /* Resources */ = {
			isa = PBXResourcesBuildPhase;
			buildActionMask = 2147483647;
			files = (
			);
			runOnlyForDeploymentPostprocessing = 0;
		};
		1CBA8C8E26D19D43000A0BD5 /* Resources */ = {
			isa = PBXResourcesBuildPhase;
			buildActionMask = 2147483647;
			files = (
			);
			runOnlyForDeploymentPostprocessing = 0;
		};
/* End PBXResourcesBuildPhase section */

/* Begin PBXSourcesBuildPhase section */
		1CBA8C6B26D19D41000A0BD5 /* Sources */ = {
			isa = PBXSourcesBuildPhase;
			buildActionMask = 2147483647;
			files = (
				1CBA8C7726D19D41000A0BD5 /* InitialViewController.swift in Sources */,
				1C7C6EF026D29B4E001BF9D0 /* Macro.swift in Sources */,
				1CBA8C7326D19D41000A0BD5 /* AppDelegate.swift in Sources */,
				1CBA8CA726D1AF4C000A0BD5 /* NewUserViewController.swift in Sources */,
				1C7C6EF226D29D24001BF9D0 /* User.swift in Sources */,
				1CBA8CAA26D1E5B7000A0BD5 /* UIView+Extensions.swift in Sources */,
				1C2FDF8126D447A100CD2EAE /* ActivityLevel.swift in Sources */,
				1CBA8C7526D19D41000A0BD5 /* SceneDelegate.swift in Sources */,
				1CBA8CAC26D1F94D000A0BD5 /* GoalsViewController.swift in Sources */,
			);
			runOnlyForDeploymentPostprocessing = 0;
		};
		1CBA8C8126D19D43000A0BD5 /* Sources */ = {
			isa = PBXSourcesBuildPhase;
			buildActionMask = 2147483647;
			files = (
				1CBA8C8A26D19D43000A0BD5 /* getShappedTests.swift in Sources */,
			);
			runOnlyForDeploymentPostprocessing = 0;
		};
		1CBA8C8C26D19D43000A0BD5 /* Sources */ = {
			isa = PBXSourcesBuildPhase;
			buildActionMask = 2147483647;
			files = (
				1CBA8C9526D19D43000A0BD5 /* getShappedUITests.swift in Sources */,
			);
			runOnlyForDeploymentPostprocessing = 0;
		};
/* End PBXSourcesBuildPhase section */

/* Begin PBXTargetDependency section */
		1CBA8C8726D19D43000A0BD5 /* PBXTargetDependency */ = {
			isa = PBXTargetDependency;
			target = 1CBA8C6E26D19D41000A0BD5 /* getShapped */;
			targetProxy = 1CBA8C8626D19D43000A0BD5 /* PBXContainerItemProxy */;
		};
		1CBA8C9226D19D43000A0BD5 /* PBXTargetDependency */ = {
			isa = PBXTargetDependency;
			target = 1CBA8C6E26D19D41000A0BD5 /* getShapped */;
			targetProxy = 1CBA8C9126D19D43000A0BD5 /* PBXContainerItemProxy */;
		};
/* End PBXTargetDependency section */

/* Begin PBXVariantGroup section */
		1CBA8C7826D19D41000A0BD5 /* Main.storyboard */ = {
			isa = PBXVariantGroup;
			children = (
				1CBA8C7926D19D41000A0BD5 /* Base */,
			);
			name = Main.storyboard;
			sourceTree = "<group>";
		};
		1CBA8C7D26D19D43000A0BD5 /* LaunchScreen.storyboard */ = {
			isa = PBXVariantGroup;
			children = (
				1CBA8C7E26D19D43000A0BD5 /* Base */,
			);
			name = LaunchScreen.storyboard;
			sourceTree = "<group>";
		};
/* End PBXVariantGroup section */

/* Begin XCBuildConfiguration section */
		1CBA8C9726D19D43000A0BD5 /* Debug */ = {
			isa = XCBuildConfiguration;
			buildSettings = {
				ALWAYS_SEARCH_USER_PATHS = NO;
				CLANG_ANALYZER_NONNULL = YES;
				CLANG_ANALYZER_NUMBER_OBJECT_CONVERSION = YES_AGGRESSIVE;
				CLANG_CXX_LANGUAGE_STANDARD = "gnu++14";
				CLANG_CXX_LIBRARY = "libc++";
				CLANG_ENABLE_MODULES = YES;
				CLANG_ENABLE_OBJC_ARC = YES;
				CLANG_ENABLE_OBJC_WEAK = YES;
				CLANG_WARN_BLOCK_CAPTURE_AUTORELEASING = YES;
				CLANG_WARN_BOOL_CONVERSION = YES;
				CLANG_WARN_COMMA = YES;
				CLANG_WARN_CONSTANT_CONVERSION = YES;
				CLANG_WARN_DEPRECATED_OBJC_IMPLEMENTATIONS = YES;
				CLANG_WARN_DIRECT_OBJC_ISA_USAGE = YES_ERROR;
				CLANG_WARN_DOCUMENTATION_COMMENTS = YES;
				CLANG_WARN_EMPTY_BODY = YES;
				CLANG_WARN_ENUM_CONVERSION = YES;
				CLANG_WARN_INFINITE_RECURSION = YES;
				CLANG_WARN_INT_CONVERSION = YES;
				CLANG_WARN_NON_LITERAL_NULL_CONVERSION = YES;
				CLANG_WARN_OBJC_IMPLICIT_RETAIN_SELF = YES;
				CLANG_WARN_OBJC_LITERAL_CONVERSION = YES;
				CLANG_WARN_OBJC_ROOT_CLASS = YES_ERROR;
				CLANG_WARN_QUOTED_INCLUDE_IN_FRAMEWORK_HEADER = YES;
				CLANG_WARN_RANGE_LOOP_ANALYSIS = YES;
				CLANG_WARN_STRICT_PROTOTYPES = YES;
				CLANG_WARN_SUSPICIOUS_MOVE = YES;
				CLANG_WARN_UNGUARDED_AVAILABILITY = YES_AGGRESSIVE;
				CLANG_WARN_UNREACHABLE_CODE = YES;
				CLANG_WARN__DUPLICATE_METHOD_MATCH = YES;
				COPY_PHASE_STRIP = NO;
				DEBUG_INFORMATION_FORMAT = dwarf;
				ENABLE_STRICT_OBJC_MSGSEND = YES;
				ENABLE_TESTABILITY = YES;
				GCC_C_LANGUAGE_STANDARD = gnu11;
				GCC_DYNAMIC_NO_PIC = NO;
				GCC_NO_COMMON_BLOCKS = YES;
				GCC_OPTIMIZATION_LEVEL = 0;
				GCC_PREPROCESSOR_DEFINITIONS = (
					"DEBUG=1",
					"$(inherited)",
				);
				GCC_WARN_64_TO_32_BIT_CONVERSION = YES;
				GCC_WARN_ABOUT_RETURN_TYPE = YES_ERROR;
				GCC_WARN_UNDECLARED_SELECTOR = YES;
				GCC_WARN_UNINITIALIZED_AUTOS = YES_AGGRESSIVE;
				GCC_WARN_UNUSED_FUNCTION = YES;
				GCC_WARN_UNUSED_VARIABLE = YES;
				IPHONEOS_DEPLOYMENT_TARGET = 14.5;
				MTL_ENABLE_DEBUG_INFO = INCLUDE_SOURCE;
				MTL_FAST_MATH = YES;
				ONLY_ACTIVE_ARCH = YES;
				SDKROOT = iphoneos;
				SWIFT_ACTIVE_COMPILATION_CONDITIONS = DEBUG;
				SWIFT_OPTIMIZATION_LEVEL = "-Onone";
			};
			name = Debug;
		};
		1CBA8C9826D19D43000A0BD5 /* Release */ = {
			isa = XCBuildConfiguration;
			buildSettings = {
				ALWAYS_SEARCH_USER_PATHS = NO;
				CLANG_ANALYZER_NONNULL = YES;
				CLANG_ANALYZER_NUMBER_OBJECT_CONVERSION = YES_AGGRESSIVE;
				CLANG_CXX_LANGUAGE_STANDARD = "gnu++14";
				CLANG_CXX_LIBRARY = "libc++";
				CLANG_ENABLE_MODULES = YES;
				CLANG_ENABLE_OBJC_ARC = YES;
				CLANG_ENABLE_OBJC_WEAK = YES;
				CLANG_WARN_BLOCK_CAPTURE_AUTORELEASING = YES;
				CLANG_WARN_BOOL_CONVERSION = YES;
				CLANG_WARN_COMMA = YES;
				CLANG_WARN_CONSTANT_CONVERSION = YES;
				CLANG_WARN_DEPRECATED_OBJC_IMPLEMENTATIONS = YES;
				CLANG_WARN_DIRECT_OBJC_ISA_USAGE = YES_ERROR;
				CLANG_WARN_DOCUMENTATION_COMMENTS = YES;
				CLANG_WARN_EMPTY_BODY = YES;
				CLANG_WARN_ENUM_CONVERSION = YES;
				CLANG_WARN_INFINITE_RECURSION = YES;
				CLANG_WARN_INT_CONVERSION = YES;
				CLANG_WARN_NON_LITERAL_NULL_CONVERSION = YES;
				CLANG_WARN_OBJC_IMPLICIT_RETAIN_SELF = YES;
				CLANG_WARN_OBJC_LITERAL_CONVERSION = YES;
				CLANG_WARN_OBJC_ROOT_CLASS = YES_ERROR;
				CLANG_WARN_QUOTED_INCLUDE_IN_FRAMEWORK_HEADER = YES;
				CLANG_WARN_RANGE_LOOP_ANALYSIS = YES;
				CLANG_WARN_STRICT_PROTOTYPES = YES;
				CLANG_WARN_SUSPICIOUS_MOVE = YES;
				CLANG_WARN_UNGUARDED_AVAILABILITY = YES_AGGRESSIVE;
				CLANG_WARN_UNREACHABLE_CODE = YES;
				CLANG_WARN__DUPLICATE_METHOD_MATCH = YES;
				COPY_PHASE_STRIP = NO;
				DEBUG_INFORMATION_FORMAT = "dwarf-with-dsym";
				ENABLE_NS_ASSERTIONS = NO;
				ENABLE_STRICT_OBJC_MSGSEND = YES;
				GCC_C_LANGUAGE_STANDARD = gnu11;
				GCC_NO_COMMON_BLOCKS = YES;
				GCC_WARN_64_TO_32_BIT_CONVERSION = YES;
				GCC_WARN_ABOUT_RETURN_TYPE = YES_ERROR;
				GCC_WARN_UNDECLARED_SELECTOR = YES;
				GCC_WARN_UNINITIALIZED_AUTOS = YES_AGGRESSIVE;
				GCC_WARN_UNUSED_FUNCTION = YES;
				GCC_WARN_UNUSED_VARIABLE = YES;
				IPHONEOS_DEPLOYMENT_TARGET = 14.5;
				MTL_ENABLE_DEBUG_INFO = NO;
				MTL_FAST_MATH = YES;
				SDKROOT = iphoneos;
				SWIFT_COMPILATION_MODE = wholemodule;
				SWIFT_OPTIMIZATION_LEVEL = "-O";
				VALIDATE_PRODUCT = YES;
			};
			name = Release;
		};
		1CBA8C9A26D19D43000A0BD5 /* Debug */ = {
			isa = XCBuildConfiguration;
			buildSettings = {
				ASSETCATALOG_COMPILER_APPICON_NAME = AppIcon;
				ASSETCATALOG_COMPILER_GLOBAL_ACCENT_COLOR_NAME = AccentColor;
				CODE_SIGN_STYLE = Automatic;
				DEVELOPMENT_TEAM = Z5AHKNAYZ3;
				INFOPLIST_FILE = getShapped/App/Info.plist;
				LD_RUNPATH_SEARCH_PATHS = (
					"$(inherited)",
					"@executable_path/Frameworks",
				);
				PRODUCT_BUNDLE_IDENTIFIER = com.path.getShapped;
				PRODUCT_NAME = "$(TARGET_NAME)";
				SWIFT_VERSION = 5.0;
				TARGETED_DEVICE_FAMILY = 1;
			};
			name = Debug;
		};
		1CBA8C9B26D19D43000A0BD5 /* Release */ = {
			isa = XCBuildConfiguration;
			buildSettings = {
				ASSETCATALOG_COMPILER_APPICON_NAME = AppIcon;
				ASSETCATALOG_COMPILER_GLOBAL_ACCENT_COLOR_NAME = AccentColor;
				CODE_SIGN_STYLE = Automatic;
				DEVELOPMENT_TEAM = Z5AHKNAYZ3;
				INFOPLIST_FILE = getShapped/App/Info.plist;
				LD_RUNPATH_SEARCH_PATHS = (
					"$(inherited)",
					"@executable_path/Frameworks",
				);
				PRODUCT_BUNDLE_IDENTIFIER = com.path.getShapped;
				PRODUCT_NAME = "$(TARGET_NAME)";
				SWIFT_VERSION = 5.0;
				TARGETED_DEVICE_FAMILY = 1;
			};
			name = Release;
		};
		1CBA8C9D26D19D43000A0BD5 /* Debug */ = {
			isa = XCBuildConfiguration;
			buildSettings = {
				ALWAYS_EMBED_SWIFT_STANDARD_LIBRARIES = YES;
				BUNDLE_LOADER = "$(TEST_HOST)";
				CODE_SIGN_STYLE = Automatic;
				DEVELOPMENT_TEAM = Z5AHKNAYZ3;
				INFOPLIST_FILE = getShappedTests/Info.plist;
				IPHONEOS_DEPLOYMENT_TARGET = 14.5;
				LD_RUNPATH_SEARCH_PATHS = (
					"$(inherited)",
					"@executable_path/Frameworks",
					"@loader_path/Frameworks",
				);
				PRODUCT_BUNDLE_IDENTIFIER = com.path.getShappedTests;
				PRODUCT_NAME = "$(TARGET_NAME)";
				SWIFT_VERSION = 5.0;
				TARGETED_DEVICE_FAMILY = "1,2";
				TEST_HOST = "$(BUILT_PRODUCTS_DIR)/getShapped.app/getShapped";
			};
			name = Debug;
		};
		1CBA8C9E26D19D43000A0BD5 /* Release */ = {
			isa = XCBuildConfiguration;
			buildSettings = {
				ALWAYS_EMBED_SWIFT_STANDARD_LIBRARIES = YES;
				BUNDLE_LOADER = "$(TEST_HOST)";
				CODE_SIGN_STYLE = Automatic;
				DEVELOPMENT_TEAM = Z5AHKNAYZ3;
				INFOPLIST_FILE = getShappedTests/Info.plist;
				IPHONEOS_DEPLOYMENT_TARGET = 14.5;
				LD_RUNPATH_SEARCH_PATHS = (
					"$(inherited)",
					"@executable_path/Frameworks",
					"@loader_path/Frameworks",
				);
				PRODUCT_BUNDLE_IDENTIFIER = com.path.getShappedTests;
				PRODUCT_NAME = "$(TARGET_NAME)";
				SWIFT_VERSION = 5.0;
				TARGETED_DEVICE_FAMILY = "1,2";
				TEST_HOST = "$(BUILT_PRODUCTS_DIR)/getShapped.app/getShapped";
			};
			name = Release;
		};
		1CBA8CA026D19D43000A0BD5 /* Debug */ = {
			isa = XCBuildConfiguration;
			buildSettings = {
				ALWAYS_EMBED_SWIFT_STANDARD_LIBRARIES = YES;
				CODE_SIGN_STYLE = Automatic;
				DEVELOPMENT_TEAM = Z5AHKNAYZ3;
				INFOPLIST_FILE = getShappedUITests/Info.plist;
				LD_RUNPATH_SEARCH_PATHS = (
					"$(inherited)",
					"@executable_path/Frameworks",
					"@loader_path/Frameworks",
				);
				PRODUCT_BUNDLE_IDENTIFIER = com.path.getShappedUITests;
				PRODUCT_NAME = "$(TARGET_NAME)";
				SWIFT_VERSION = 5.0;
				TARGETED_DEVICE_FAMILY = "1,2";
				TEST_TARGET_NAME = getShapped;
			};
			name = Debug;
		};
		1CBA8CA126D19D43000A0BD5 /* Release */ = {
			isa = XCBuildConfiguration;
			buildSettings = {
				ALWAYS_EMBED_SWIFT_STANDARD_LIBRARIES = YES;
				CODE_SIGN_STYLE = Automatic;
				DEVELOPMENT_TEAM = Z5AHKNAYZ3;
				INFOPLIST_FILE = getShappedUITests/Info.plist;
				LD_RUNPATH_SEARCH_PATHS = (
					"$(inherited)",
					"@executable_path/Frameworks",
					"@loader_path/Frameworks",
				);
				PRODUCT_BUNDLE_IDENTIFIER = com.path.getShappedUITests;
				PRODUCT_NAME = "$(TARGET_NAME)";
				SWIFT_VERSION = 5.0;
				TARGETED_DEVICE_FAMILY = "1,2";
				TEST_TARGET_NAME = getShapped;
			};
			name = Release;
		};
/* End XCBuildConfiguration section */

/* Begin XCConfigurationList section */
		1CBA8C6A26D19D41000A0BD5 /* Build configuration list for PBXProject "getShapped" */ = {
			isa = XCConfigurationList;
			buildConfigurations = (
				1CBA8C9726D19D43000A0BD5 /* Debug */,
				1CBA8C9826D19D43000A0BD5 /* Release */,
			);
			defaultConfigurationIsVisible = 0;
			defaultConfigurationName = Release;
		};
		1CBA8C9926D19D43000A0BD5 /* Build configuration list for PBXNativeTarget "getShapped" */ = {
			isa = XCConfigurationList;
			buildConfigurations = (
				1CBA8C9A26D19D43000A0BD5 /* Debug */,
				1CBA8C9B26D19D43000A0BD5 /* Release */,
			);
			defaultConfigurationIsVisible = 0;
			defaultConfigurationName = Release;
		};
		1CBA8C9C26D19D43000A0BD5 /* Build configuration list for PBXNativeTarget "getShappedTests" */ = {
			isa = XCConfigurationList;
			buildConfigurations = (
				1CBA8C9D26D19D43000A0BD5 /* Debug */,
				1CBA8C9E26D19D43000A0BD5 /* Release */,
			);
			defaultConfigurationIsVisible = 0;
			defaultConfigurationName = Release;
		};
		1CBA8C9F26D19D43000A0BD5 /* Build configuration list for PBXNativeTarget "getShappedUITests" */ = {
			isa = XCConfigurationList;
			buildConfigurations = (
				1CBA8CA026D19D43000A0BD5 /* Debug */,
				1CBA8CA126D19D43000A0BD5 /* Release */,
			);
			defaultConfigurationIsVisible = 0;
			defaultConfigurationName = Release;
		};
/* End XCConfigurationList section */
	};
	rootObject = 1CBA8C6726D19D41000A0BD5 /* Project object */;
}
